
Microsoft Visual Studio Solution File, Format Version 12.00
# Visual Studio Version 17
VisualStudioVersion = 17.5.002.0
MinimumVisualStudioVersion = 10.0.40219.1
Project("{9A19103F-16F7-4668-BE54-9A1E7A4F7556}") = "C-study", "C-study.csproj", "{20A3BE83-8BEC-44A1-9531-CAB2070045E7}"
EndProject
Project("{2150E333-8FDC-42A3-9474-1A3956D46DE8}") = "AoC-Day1", "AoC-Day1", "{C3EA7D9B-66C5-4133-83AE-9AA6EC4EE5D4}"
	ProjectSection(SolutionItems) = preProject
		AoC-Day1.cs = AoC-Day1.cs
	EndProjectSection
EndProject
Global
	GlobalSection(SolutionConfigurationPlatforms) = preSolution
		Debug|Any CPU = Debug|Any CPU
		Release|Any CPU = Release|Any CPU
	EndGlobalSection
	GlobalSection(ProjectConfigurationPlatforms) = postSolution
		{20A3BE83-8BEC-44A1-9531-CAB2070045E7}.Debug|Any CPU.ActiveCfg = Debug|Any CPU
		{20A3BE83-8BEC-44A1-9531-CAB2070045E7}.Debug|Any CPU.Build.0 = Debug|Any CPU
		{20A3BE83-8BEC-44A1-9531-CAB2070045E7}.Release|Any CPU.ActiveCfg = Release|Any CPU
		{20A3BE83-8BEC-44A1-9531-CAB2070045E7}.Release|Any CPU.Build.0 = Release|Any CPU
	EndGlobalSection
	GlobalSection(SolutionProperties) = preSolution
		HideSolutionNode = FALSE
	EndGlobalSection
	GlobalSection(ExtensibilityGlobals) = postSolution
		SolutionGuid = {2B4073CE-AF6C-4FDC-BB92-6249C21C3E3B}
	EndGlobalSection
EndGlobal
